{
  "name": "petpetp",
  "version": "1.0.0",
  "lockfileVersion": 2,
  "requires": true,
  "packages": {
    "": {
      "name": "petpetp",
      "version": "1.0.0",
      "license": "Apache-2.0",
      "dependencies": {
        "@types/react": "^18.0.6",
        "ittai": "^1.0.4"
      },
      "devDependencies": {
        "@types/node": "^18.0.3"
      }
    },
    "node_modules/.pnpm/@react-spring+types@9.4.4/node_modules/@react-spring/types": {
      "version": "9.4.4",
      "license": "MIT"
    },
    "node_modules/.pnpm/@types+prop-types@15.7.5/node_modules/@types/prop-types": {
      "version": "15.7.5",
      "license": "MIT"
    },
    "node_modules/.pnpm/@types+react-dom@17.0.15": {},
    "node_modules/.pnpm/@types+react-dom@17.0.15/node_modules/@types/react": {
      "resolved": "node_modules/.pnpm/@types+react@17.0.44/node_modules/@types/react",
      "link": true
    },
    "node_modules/.pnpm/@types+react-dom@17.0.15/node_modules/@types/react-dom": {
      "version": "17.0.15",
      "license": "MIT",
      "dependencies": {
        "@types/react": "^17"
      }
    },
    "node_modules/.pnpm/@types+react@17.0.44": {},
    "node_modules/.pnpm/@types+react@17.0.44/node_modules/@types/prop-types": {
      "resolved": "node_modules/.pnpm/@types+prop-types@15.7.5/node_modules/@types/prop-types",
      "link": true
    },
    "node_modules/.pnpm/@types+react@17.0.44/node_modules/@types/react": {
      "version": "17.0.44",
      "license": "MIT",
      "dependencies": {
        "@types/prop-types": "*",
        "@types/scheduler": "*",
        "csstype": "^3.0.2"
      }
    },
    "node_modules/.pnpm/@types+react@17.0.44/node_modules/@types/scheduler": {
      "resolved": "node_modules/.pnpm/@types+scheduler@0.16.2/node_modules/@types/scheduler",
      "link": true
    },
    "node_modules/.pnpm/@types+react@18.0.6": {},
    "node_modules/.pnpm/@types+react@18.0.6/node_modules/@types/prop-types": {
      "resolved": "node_modules/.pnpm/@types+prop-types@15.7.5/node_modules/@types/prop-types",
      "link": true
    },
    "node_modules/.pnpm/@types+react@18.0.6/node_modules/@types/react": {
      "version": "18.0.6",
      "license": "MIT",
      "dependencies": {
        "@types/prop-types": "*",
        "@types/scheduler": "*",
        "csstype": "^3.0.2"
      }
    },
    "node_modules/.pnpm/@types+react@18.0.6/node_modules/@types/scheduler": {
      "resolved": "node_modules/.pnpm/@types+scheduler@0.16.2/node_modules/@types/scheduler",
      "link": true
    },
    "node_modules/.pnpm/@types+scheduler@0.16.2/node_modules/@types/scheduler": {
      "version": "0.16.2",
      "license": "MIT"
    },
    "node_modules/.pnpm/csstype@3.0.11/node_modules/csstype": {
      "version": "3.0.11",
      "extraneous": true,
      "license": "MIT",
      "devDependencies": {
        "@types/chokidar": "^2.1.3",
        "@types/css-tree": "^1.0.7",
        "@types/jest": "^27.4.0",
        "@types/jsdom": "^16.2.14",
        "@types/node": "^16.11.22",
        "@types/prettier": "^2.4.3",
        "@types/request": "^2.48.8",
        "@types/turndown": "^5.0.1",
        "@typescript-eslint/eslint-plugin": "^5.10.2",
        "@typescript-eslint/parser": "^5.10.2",
        "chalk": "^4.1.2",
        "chokidar": "^3.5.3",
        "css-tree": "^2.0.4",
        "eslint": "^8.8.0",
        "eslint-config-prettier": "^8.3.0",
        "eslint-plugin-prettier": "^4.0.0",
        "fast-glob": "^3.2.11",
        "flow-bin": "^0.171.0",
        "jest": "^27.4.7",
        "jsdom": "^19.0.0",
        "mdn-browser-compat-data": "git+https://github.com/mdn/browser-compat-data.git#92bf4cb8c5594edb314995e53a9cde79d5fb1b1e",
        "mdn-data": "git+https://github.com/mdn/data.git#cad93443ab28ee08b1ba490b13cf45eafd1f008d",
        "prettier": "^2.5.1",
        "request": "^2.88.2",
        "ts-jest": "^27.1.3",
        "ts-node": "^10.4.0",
        "turndown": "^7.1.1",
        "typescript": "~4.5.5"
      }
    },
    "node_modules/.pnpm/ittai@1.0.3": {
      "extraneous": true
    },
    "node_modules/@react-spring/types": {
      "resolved": "node_modules/.pnpm/@react-spring+types@9.4.4/node_modules/@react-spring/types",
      "link": true
    },
    "node_modules/@types/node": {
      "version": "18.0.3",
      "resolved": "https://registry.npmjs.org/@types/node/-/node-18.0.3.tgz",
      "integrity": "sha512-HzNRZtp4eepNitP+BD6k2L6DROIDG4Q0fm4x+dwfsr6LGmROENnok75VGw40628xf+iR24WeMFcHuuBDUAzzsQ==",
      "dev": true
    },
    "node_modules/@types/prop-types": {
      "resolved": "node_modules/.pnpm/@types+prop-types@15.7.5/node_modules/@types/prop-types",
      "link": true
    },
    "node_modules/@types/react": {
      "resolved": "node_modules/.pnpm/@types+react@18.0.6/node_modules/@types/react",
      "link": true
    },
    "node_modules/@types/react-dom": {
      "resolved": "node_modules/.pnpm/@types+react-dom@17.0.15/node_modules/@types/react-dom",
      "link": true
    },
    "node_modules/@types/scheduler": {
      "resolved": "node_modules/.pnpm/@types+scheduler@0.16.2/node_modules/@types/scheduler",
      "link": true
    },
    "node_modules/csstype": {
      "version": "3.1.0",
      "resolved": "https://registry.npmjs.org/csstype/-/csstype-3.1.0.tgz",
      "integrity": "sha512-uX1KG+x9h5hIJsaKR9xHUeUraxf8IODOwq9JLNPq6BwB04a/xgpq3rcx47l5BZu5zBPlgD342tdke3Hom/nJRA=="
    },
    "node_modules/ittai": {
      "version": "1.0.5",
      "resolved": "https://registry.npmjs.org/ittai/-/ittai-1.0.5.tgz",
      "integrity": "sha512-Zrx4+3ZKtUHohhP1n0rhriXEq8D6tuJWV0NshBv6kECwj0d7rg3ZjW983pp01f0jEVrhU9gj9l35qmVoxAzCYg==",
      "dependencies": {
        "@react-spring/types": "^9.4.2",
        "@types/react": "^17.0.38",
        "@types/react-dom": "^17.0.11"
      }
    },
    "node_modules/ittai/node_modules/@types/react": {
      "version": "17.0.47",
      "resolved": "https://registry.npmjs.org/@types/react/-/react-17.0.47.tgz",
      "integrity": "sha512-mk0BL8zBinf2ozNr3qPnlu1oyVTYq+4V7WA76RgxUAtf0Em/Wbid38KN6n4abEkvO4xMTBWmnP1FtQzgkEiJoA==",
      "dependencies": {
        "@types/prop-types": "*",
        "@types/scheduler": "*",
        "csstype": "^3.0.2"
      }
    }
  },
  "dependencies": {
    "@react-spring/types": {
      "version": "file:node_modules/.pnpm/@react-spring+types@9.4.4/node_modules/@react-spring/types"
    },
    "@types/node": {
      "version": "18.0.3",
      "resolved": "https://registry.npmjs.org/@types/node/-/node-18.0.3.tgz",
      "integrity": "sha512-HzNRZtp4eepNitP+BD6k2L6DROIDG4Q0fm4x+dwfsr6LGmROENnok75VGw40628xf+iR24WeMFcHuuBDUAzzsQ==",
      "dev": true
    },
    "@types/prop-types": {
      "version": "file:node_modules/.pnpm/@types+prop-types@15.7.5/node_modules/@types/prop-types"
    },
    "@types/react": {
      "version": "file:node_modules/.pnpm/@types+react@18.0.6/node_modules/@types/react",
      "requires": {
        "@types/prop-types": "*",
        "@types/scheduler": "*",
        "csstype": "^3.0.2"
      }
    },
    "@types/react-dom": {
      "version": "file:node_modules/.pnpm/@types+react-dom@17.0.15/node_modules/@types/react-dom",
      "requires": {
        "@types/react": "^17"
      }
    },
    "@types/scheduler": {
      "version": "file:node_modules/.pnpm/@types+scheduler@0.16.2/node_modules/@types/scheduler"
    },
    "csstype": {
      "version": "3.1.0",
      "resolved": "https://registry.npmjs.org/csstype/-/csstype-3.1.0.tgz",
      "integrity": "sha512-uX1KG+x9h5hIJsaKR9xHUeUraxf8IODOwq9JLNPq6BwB04a/xgpq3rcx47l5BZu5zBPlgD342tdke3Hom/nJRA=="
    },
    "ittai": {
      "version": "1.0.5",
      "resolved": "https://registry.npmjs.org/ittai/-/ittai-1.0.5.tgz",
      "integrity": "sha512-Zrx4+3ZKtUHohhP1n0rhriXEq8D6tuJWV0NshBv6kECwj0d7rg3ZjW983pp01f0jEVrhU9gj9l35qmVoxAzCYg==",
      "requires": {
        "@react-spring/types": "^9.4.2",
        "@types/react": "^17.0.38",
        "@types/react-dom": "^17.0.11"
      },
      "dependencies": {
        "@types/react": {
          "version": "17.0.47",
          "resolved": "https://registry.npmjs.org/@types/react/-/react-17.0.47.tgz",
          "integrity": "sha512-mk0BL8zBinf2ozNr3qPnlu1oyVTYq+4V7WA76RgxUAtf0Em/Wbid38KN6n4abEkvO4xMTBWmnP1FtQzgkEiJoA==",
          "requires": {
            "@types/prop-types": "*",
            "@types/scheduler": "*",
            "csstype": "^3.0.2"
          }
        }
      }
    }
  }
}
