lockfileVersion: 5.3

specifiers:
  '@types/react': ^18.0.6
  ittai: ^1.0.3

dependencies:
  '@types/react': 18.0.6
  ittai: 1.0.3

packages:

  /@react-spring/types/9.4.4:
    resolution: {integrity: sha512-KpxKt/D//q/t/6FBcde/RE36LKp8PpWu7kFEMLwpzMGl9RpcexunmYOQJWwmJWtkQjgE1YRr7DzBMryz6La1cQ==}
    dev: false

  /@types/prop-types/15.7.5:
    resolution: {integrity: sha512-JCB8C6SnDoQf0cNycqd/35A7MjcnK+ZTqE7judS6o7utxUCg6imJg3QK2qzHKszlTjcj2cn+NwMB2i96ubpj7w==}
    dev: false

  /@types/react-dom/17.0.15:
    resolution: {integrity: sha512-Tr9VU9DvNoHDWlmecmcsE5ZZiUkYx+nKBzum4Oxe1K0yJVyBlfbq7H3eXjxXqJczBKqPGq3EgfTru4MgKb9+Yw==}
    dependencies:
      '@types/react': 17.0.44
    dev: false

  /@types/react/17.0.44:
    resolution: {integrity: sha512-Ye0nlw09GeMp2Suh8qoOv0odfgCoowfM/9MG6WeRD60Gq9wS90bdkdRtYbRkNhXOpG4H+YXGvj4wOWhAC0LJ1g==}
    dependencies:
      '@types/prop-types': 15.7.5
      '@types/scheduler': 0.16.2
      csstype: 3.0.11
    dev: false

  /@types/react/18.0.6:
    resolution: {integrity: sha512-bPqwzJRzKtfI0mVYr5R+1o9BOE8UEXefwc1LwcBtfnaAn6OoqMhLa/91VA8aeWfDPJt1kHvYKI8RHcQybZLHHA==}
    dependencies:
      '@types/prop-types': 15.7.5
      '@types/scheduler': 0.16.2
      csstype: 3.0.11
    dev: false

  /@types/scheduler/0.16.2:
    resolution: {integrity: sha512-hppQEBDmlwhFAXKJX2KnWLYu5yMfi91yazPb2l+lbJiwW+wdo1gNeRA+3RgNSO39WYX2euey41KEwnqesU2Jew==}
    dev: false

  /csstype/3.0.11:
    resolution: {integrity: sha512-sa6P2wJ+CAbgyy4KFssIb/JNMLxFvKF1pCYCSXS8ZMuqZnMsrxqI2E5sPyoTpxoPU/gVZMzr2zjOfg8GIZOMsw==}
    dev: false

  /ittai/1.0.3:
    resolution: {integrity: sha512-NxXPVwtW75FSyu2aNOgPXxmbVzqvmNwXeotYVwNtlRfTCf+hr7KUnoa2up5dVIM6k4ZKM1cMxENwu/K/3XUIWg==}
    dependencies:
      '@react-spring/types': 9.4.4
      '@types/react': 17.0.44
      '@types/react-dom': 17.0.15
    dev: false
